<?xml version="1.0" encoding="utf-8"?>
<Project ToolsVersion="4.0" xmlns="http://schemas.microsoft.com/developer/msbuild/2003">
  <ItemGroup>
    <Filter Include="Sources">
      <UniqueIdentifier>{8b7ed093-66ce-4096-96d2-fbb9faa4bf52}</UniqueIdentifier>
    </Filter>
    <Filter Include="Sources\Modules">
      <UniqueIdentifier>{7b418be2-1631-4a31-9ef2-8a8b234a7339}</UniqueIdentifier>
    </Filter>
    <Filter Include="Sources\Containers">
      <UniqueIdentifier>{afc36133-f401-499a-aa33-0da1e500fb52}</UniqueIdentifier>
    </Filter>
    <Filter Include="Sources\Tools">
      <UniqueIdentifier>{7e4dfaf7-022c-4f7d-92aa-f3b3fa9d6248}</UniqueIdentifier>
    </Filter>
    <Filter Include="Sources\Helpers">
      <UniqueIdentifier>{121f8e6b-df36-4ab0-be0d-601ddfc9e503}</UniqueIdentifier>
    </Filter>
    <Filter Include="Sources\Modules\Game">
      <UniqueIdentifier>{83f46af7-e02f-40c0-9e56-41d76082527b}</UniqueIdentifier>
    </Filter>
    <Filter Include="ExternalTools">
      <UniqueIdentifier>{a64beaff-5b51-4c1a-bee5-e6a5f77a81e7}</UniqueIdentifier>
    </Filter>
    <Filter Include="ExternalTools\ImGui">
      <UniqueIdentifier>{d49d4be2-faef-462c-80cd-fdc6c56524cc}</UniqueIdentifier>
    </Filter>
    <Filter Include="ExternalTools\MathGeoLib">
      <UniqueIdentifier>{02256201-9b17-4ad5-9b2b-5f974c6c5bd5}</UniqueIdentifier>
    </Filter>
    <Filter Include="ExternalTools\MathGeoLib\Algorithm">
      <UniqueIdentifier>{65e8b335-2a4b-494c-ab2f-dfab67af72d2}</UniqueIdentifier>
    </Filter>
    <Filter Include="ExternalTools\MathGeoLib\Geometry">
      <UniqueIdentifier>{cdca25cc-4f98-4b83-9b49-4a493459daa8}</UniqueIdentifier>
    </Filter>
    <Filter Include="ExternalTools\MathGeoLib\Math">
      <UniqueIdentifier>{0b7c397d-91f3-4187-bd3d-eef8c873be2a}</UniqueIdentifier>
    </Filter>
    <Filter Include="ExternalTools\MathGeoLib\Time">
      <UniqueIdentifier>{c984d617-5fd2-49e0-bcb3-ebd445068f56}</UniqueIdentifier>
    </Filter>
    <Filter Include="ExternalTools\MathGeoLib\Algorithm\Random">
      <UniqueIdentifier>{209da960-5b45-4a02-82ca-8d653339419b}</UniqueIdentifier>
    </Filter>
  </ItemGroup>
  <ItemGroup>
    <ClInclude Include="Module.h">
      <Filter>Sources\Modules</Filter>
    </ClInclude>
    <ClInclude Include="ModuleAudio.h">
      <Filter>Sources\Modules</Filter>
    </ClInclude>
    <ClInclude Include="ModuleCamera3D.h">
      <Filter>Sources\Modules</Filter>
    </ClInclude>
    <ClInclude Include="ModuleInput.h">
      <Filter>Sources\Modules</Filter>
    </ClInclude>
    <ClInclude Include="ModuleRenderer3D.h">
      <Filter>Sources\Modules</Filter>
    </ClInclude>
    <ClInclude Include="ModuleWindow.h">
      <Filter>Sources\Modules</Filter>
    </ClInclude>
    <ClInclude Include="p2DynArray.h">
      <Filter>Sources\Containers</Filter>
    </ClInclude>
    <ClInclude Include="p2List.h">
      <Filter>Sources\Containers</Filter>
    </ClInclude>
    <ClInclude Include="p2Point.h">
      <Filter>Sources\Containers</Filter>
    </ClInclude>
    <ClInclude Include="glmath.h">
      <Filter>Sources\Containers</Filter>
    </ClInclude>
    <ClInclude Include="Application.h">
      <Filter>Sources</Filter>
    </ClInclude>
    <ClInclude Include="Globals.h">
      <Filter>Sources</Filter>
    </ClInclude>
    <ClInclude Include="Primitive.h">
      <Filter>Sources\Helpers</Filter>
    </ClInclude>
    <ClInclude Include="Color.h">
      <Filter>Sources\Containers</Filter>
    </ClInclude>
    <ClInclude Include="Light.h">
      <Filter>Sources\Helpers</Filter>
    </ClInclude>
    <ClInclude Include="ModuleSceneIntro.h">
      <Filter>Sources\Modules\Game</Filter>
    </ClInclude>
    <ClInclude Include="Timer.h">
      <Filter>Sources\Tools</Filter>
    </ClInclude>
    <ClInclude Include="imgui\imconfig.h">
      <Filter>ExternalTools\ImGui</Filter>
    </ClInclude>
    <ClInclude Include="imgui\imgui.h">
      <Filter>ExternalTools\ImGui</Filter>
    </ClInclude>
    <ClInclude Include="imgui\imgui_impl_opengl3.h">
      <Filter>ExternalTools\ImGui</Filter>
    </ClInclude>
    <ClInclude Include="imgui\imgui_impl_opengl3_loader.h">
      <Filter>ExternalTools\ImGui</Filter>
    </ClInclude>
    <ClInclude Include="imgui\imgui_impl_win32.h">
      <Filter>ExternalTools\ImGui</Filter>
    </ClInclude>
    <ClInclude Include="imgui\imgui_internal.h">
      <Filter>ExternalTools\ImGui</Filter>
    </ClInclude>
    <ClInclude Include="imgui\imstb_rectpack.h">
      <Filter>ExternalTools\ImGui</Filter>
    </ClInclude>
    <ClInclude Include="imgui\imstb_textedit.h">
      <Filter>ExternalTools\ImGui</Filter>
    </ClInclude>
    <ClInclude Include="imgui\imstb_truetype.h">
      <Filter>ExternalTools\ImGui</Filter>
    </ClInclude>
    <ClInclude Include="mathGeoLib\MathGeoLib.h">
      <Filter>ExternalTools\MathGeoLib</Filter>
    </ClInclude>
    <ClInclude Include="mathGeoLib\MathGeoLibFwd.h">
      <Filter>ExternalTools\MathGeoLib</Filter>
    </ClInclude>
    <ClInclude Include="mathGeoLib\MathBuildConfig.h">
      <Filter>ExternalTools\MathGeoLib</Filter>
    </ClInclude>
    <ClInclude Include="mathGeoLib\Algorithm\Random\LCG.h">
      <Filter>ExternalTools\MathGeoLib\Algorithm\Random</Filter>
    </ClInclude>
    <ClInclude Include="mathGeoLib\Geometry\GeometryAll.h">
      <Filter>ExternalTools\MathGeoLib\Geometry</Filter>
    </ClInclude>
    <ClInclude Include="mathGeoLib\Geometry\GeomType.h">
      <Filter>ExternalTools\MathGeoLib\Geometry</Filter>
    </ClInclude>
    <ClInclude Include="mathGeoLib\Geometry\HitInfo.h">
      <Filter>ExternalTools\MathGeoLib\Geometry</Filter>
    </ClInclude>
    <ClInclude Include="mathGeoLib\Geometry\KDTree.h">
      <Filter>ExternalTools\MathGeoLib\Geometry</Filter>
    </ClInclude>
    <ClInclude Include="mathGeoLib\Geometry\Line.h">
      <Filter>ExternalTools\MathGeoLib\Geometry</Filter>
    </ClInclude>
    <ClInclude Include="mathGeoLib\Geometry\LineSegment.h">
      <Filter>ExternalTools\MathGeoLib\Geometry</Filter>
    </ClInclude>
    <ClInclude Include="mathGeoLib\Geometry\OBB.h">
      <Filter>ExternalTools\MathGeoLib\Geometry</Filter>
    </ClInclude>
    <ClInclude Include="mathGeoLib\Geometry\PBVolume.h">
      <Filter>ExternalTools\MathGeoLib\Geometry</Filter>
    </ClInclude>
    <ClInclude Include="mathGeoLib\Geometry\Plane.h">
      <Filter>ExternalTools\MathGeoLib\Geometry</Filter>
    </ClInclude>
    <ClInclude Include="mathGeoLib\Geometry\Polygon.h">
      <Filter>ExternalTools\MathGeoLib\Geometry</Filter>
    </ClInclude>
    <ClInclude Include="mathGeoLib\Geometry\Polyhedron.h">
      <Filter>ExternalTools\MathGeoLib\Geometry</Filter>
    </ClInclude>
    <ClInclude Include="mathGeoLib\Geometry\QuadTree.h">
      <Filter>ExternalTools\MathGeoLib\Geometry</Filter>
    </ClInclude>
    <ClInclude Include="mathGeoLib\Geometry\Ray.h">
      <Filter>ExternalTools\MathGeoLib\Geometry</Filter>
    </ClInclude>
    <ClInclude Include="mathGeoLib\Geometry\Sphere.h">
      <Filter>ExternalTools\MathGeoLib\Geometry</Filter>
    </ClInclude>
    <ClInclude Include="mathGeoLib\Geometry\Triangle.h">
      <Filter>ExternalTools\MathGeoLib\Geometry</Filter>
    </ClInclude>
    <ClInclude Include="mathGeoLib\Geometry\TriangleMesh.h">
      <Filter>ExternalTools\MathGeoLib\Geometry</Filter>
    </ClInclude>
    <ClInclude Include="mathGeoLib\Geometry\AABB.h">
      <Filter>ExternalTools\MathGeoLib\Geometry</Filter>
    </ClInclude>
    <ClInclude Include="mathGeoLib\Geometry\AABB2D.h">
      <Filter>ExternalTools\MathGeoLib\Geometry</Filter>
    </ClInclude>
    <ClInclude Include="mathGeoLib\Geometry\Capsule.h">
      <Filter>ExternalTools\MathGeoLib\Geometry</Filter>
    </ClInclude>
    <ClInclude Include="mathGeoLib\Geometry\Circle.h">
      <Filter>ExternalTools\MathGeoLib\Geometry</Filter>
    </ClInclude>
    <ClInclude Include="mathGeoLib\Geometry\Frustum.h">
      <Filter>ExternalTools\MathGeoLib\Geometry</Filter>
    </ClInclude>
    <ClInclude Include="mathGeoLib\Math\float4.h">
      <Filter>ExternalTools\MathGeoLib\Math</Filter>
    </ClInclude>
    <ClInclude Include="mathGeoLib\Math\float4_neon.h">
      <Filter>ExternalTools\MathGeoLib\Math</Filter>
    </ClInclude>
    <ClInclude Include="mathGeoLib\Math\float4_sse.h">
      <Filter>ExternalTools\MathGeoLib\Math</Filter>
    </ClInclude>
    <ClInclude Include="mathGeoLib\Math\float4x4.h">
      <Filter>ExternalTools\MathGeoLib\Math</Filter>
    </ClInclude>
    <ClInclude Include="mathGeoLib\Math\float4x4_neon.h">
      <Filter>ExternalTools\MathGeoLib\Math</Filter>
    </ClInclude>
    <ClInclude Include="mathGeoLib\Math\float4x4_sse.h">
      <Filter>ExternalTools\MathGeoLib\Math</Filter>
    </ClInclude>
    <ClInclude Include="mathGeoLib\Math\FloatCmp.h">
      <Filter>ExternalTools\MathGeoLib\Math</Filter>
    </ClInclude>
    <ClInclude Include="mathGeoLib\Math\MathAll.h">
      <Filter>ExternalTools\MathGeoLib\Math</Filter>
    </ClInclude>
    <ClInclude Include="mathGeoLib\Math\MathConstants.h">
      <Filter>ExternalTools\MathGeoLib\Math</Filter>
    </ClInclude>
    <ClInclude Include="mathGeoLib\Math\MathFunc.h">
      <Filter>ExternalTools\MathGeoLib\Math</Filter>
    </ClInclude>
    <ClInclude Include="mathGeoLib\Math\MathLog.h">
      <Filter>ExternalTools\MathGeoLib\Math</Filter>
    </ClInclude>
    <ClInclude Include="mathGeoLib\Math\MathNamespace.h">
      <Filter>ExternalTools\MathGeoLib\Math</Filter>
    </ClInclude>
    <ClInclude Include="mathGeoLib\Math\MathTypes.h">
      <Filter>ExternalTools\MathGeoLib\Math</Filter>
    </ClInclude>
    <ClInclude Include="mathGeoLib\Math\MatrixProxy.h">
      <Filter>ExternalTools\MathGeoLib\Math</Filter>
    </ClInclude>
    <ClInclude Include="mathGeoLib\Math\myassert.h">
      <Filter>ExternalTools\MathGeoLib\Math</Filter>
    </ClInclude>
    <ClInclude Include="mathGeoLib\Math\Polynomial.h">
      <Filter>ExternalTools\MathGeoLib\Math</Filter>
    </ClInclude>
    <ClInclude Include="mathGeoLib\Math\Quat.h">
      <Filter>ExternalTools\MathGeoLib\Math</Filter>
    </ClInclude>
    <ClInclude Include="mathGeoLib\Math\quat_simd.h">
      <Filter>ExternalTools\MathGeoLib\Math</Filter>
    </ClInclude>
    <ClInclude Include="mathGeoLib\Math\Rect.h">
      <Filter>ExternalTools\MathGeoLib\Math</Filter>
    </ClInclude>
    <ClInclude Include="mathGeoLib\Math\Reinterpret.h">
      <Filter>ExternalTools\MathGeoLib\Math</Filter>
    </ClInclude>
    <ClInclude Include="mathGeoLib\Math\sse_mathfun.h">
      <Filter>ExternalTools\MathGeoLib\Math</Filter>
    </ClInclude>
    <ClInclude Include="mathGeoLib\Math\SSEMath.h">
      <Filter>ExternalTools\MathGeoLib\Math</Filter>
    </ClInclude>
    <ClInclude Include="mathGeoLib\Math\TransformOps.h">
      <Filter>ExternalTools\MathGeoLib\Math</Filter>
    </ClInclude>
    <ClInclude Include="mathGeoLib\Math\assume.h">
      <Filter>ExternalTools\MathGeoLib\Math</Filter>
    </ClInclude>
    <ClInclude Include="mathGeoLib\Math\BitOps.h">
      <Filter>ExternalTools\MathGeoLib\Math</Filter>
    </ClInclude>
    <ClInclude Include="mathGeoLib\Math\Complex.h">
      <Filter>ExternalTools\MathGeoLib\Math</Filter>
    </ClInclude>
    <ClInclude Include="mathGeoLib\Math\CoordinateAxisConvention.h">
      <Filter>ExternalTools\MathGeoLib\Math</Filter>
    </ClInclude>
    <ClInclude Include="mathGeoLib\Math\FixedPoint.h">
      <Filter>ExternalTools\MathGeoLib\Math</Filter>
    </ClInclude>
    <ClInclude Include="mathGeoLib\Math\float2.h">
      <Filter>ExternalTools\MathGeoLib\Math</Filter>
    </ClInclude>
    <ClInclude Include="mathGeoLib\Math\float3.h">
      <Filter>ExternalTools\MathGeoLib\Math</Filter>
    </ClInclude>
    <ClInclude Include="mathGeoLib\Math\float3x3.h">
      <Filter>ExternalTools\MathGeoLib\Math</Filter>
    </ClInclude>
    <ClInclude Include="mathGeoLib\Math\float3x4.h">
      <Filter>ExternalTools\MathGeoLib\Math</Filter>
    </ClInclude>
    <ClInclude Include="mathGeoLib\Time\Clock.h">
      <Filter>ExternalTools\MathGeoLib\Time</Filter>
    </ClInclude>
  </ItemGroup>
  <ItemGroup>
    <ClCompile Include="ModuleAudio.cpp">
      <Filter>Sources\Modules</Filter>
    </ClCompile>
    <ClCompile Include="ModuleCamera3D.cpp">
      <Filter>Sources\Modules</Filter>
    </ClCompile>
    <ClCompile Include="ModuleInput.cpp">
      <Filter>Sources\Modules</Filter>
    </ClCompile>
    <ClCompile Include="ModuleRenderer3D.cpp">
      <Filter>Sources\Modules</Filter>
    </ClCompile>
    <ClCompile Include="ModuleWindow.cpp">
      <Filter>Sources\Modules</Filter>
    </ClCompile>
    <ClCompile Include="log.cpp">
      <Filter>Sources\Tools</Filter>
    </ClCompile>
    <ClCompile Include="Timer.cpp">
      <Filter>Sources\Tools</Filter>
    </ClCompile>
    <ClCompile Include="Application.cpp">
      <Filter>Sources</Filter>
    </ClCompile>
    <ClCompile Include="Main.cpp">
      <Filter>Sources</Filter>
    </ClCompile>
    <ClCompile Include="glmath.cpp">
      <Filter>Sources\Containers</Filter>
    </ClCompile>
    <ClCompile Include="Primitive.cpp">
      <Filter>Sources\Helpers</Filter>
    </ClCompile>
    <ClCompile Include="Color.cpp">
      <Filter>Sources\Containers</Filter>
    </ClCompile>
    <ClCompile Include="Light.cpp">
      <Filter>Sources\Helpers</Filter>
    </ClCompile>
    <ClCompile Include="ModuleSceneIntro.cpp">
      <Filter>Sources\Modules\Game</Filter>
    </ClCompile>
    <ClCompile Include="imgui\imgui.cpp">
      <Filter>ExternalTools\ImGui</Filter>
    </ClCompile>
    <ClCompile Include="imgui\imgui_demo.cpp">
      <Filter>ExternalTools\ImGui</Filter>
    </ClCompile>
    <ClCompile Include="imgui\imgui_draw.cpp">
      <Filter>ExternalTools\ImGui</Filter>
    </ClCompile>
    <ClCompile Include="imgui\imgui_impl_opengl3.cpp">
      <Filter>ExternalTools\ImGui</Filter>
    </ClCompile>
    <ClCompile Include="imgui\imgui_impl_win32.cpp">
      <Filter>ExternalTools\ImGui</Filter>
    </ClCompile>
    <ClCompile Include="imgui\imgui_tables.cpp">
      <Filter>ExternalTools\ImGui</Filter>
    </ClCompile>
    <ClCompile Include="imgui\imgui_widgets.cpp">
      <Filter>ExternalTools\ImGui</Filter>
    </ClCompile>
    <ClCompile Include="mathGeoLib\Algorithm\Random\LCG.cpp">
      <Filter>ExternalTools\MathGeoLib\Algorithm\Random</Filter>
    </ClCompile>
    <ClCompile Include="mathGeoLib\Geometry\Line.cpp">
      <Filter>ExternalTools\MathGeoLib\Geometry</Filter>
    </ClCompile>
    <ClCompile Include="mathGeoLib\Geometry\LineSegment.cpp">
      <Filter>ExternalTools\MathGeoLib\Geometry</Filter>
    </ClCompile>
    <ClCompile Include="mathGeoLib\Geometry\OBB.cpp">
      <Filter>ExternalTools\MathGeoLib\Geometry</Filter>
    </ClCompile>
    <ClCompile Include="mathGeoLib\Geometry\Plane.cpp">
      <Filter>ExternalTools\MathGeoLib\Geometry</Filter>
    </ClCompile>
    <ClCompile Include="mathGeoLib\Geometry\Polygon.cpp">
      <Filter>ExternalTools\MathGeoLib\Geometry</Filter>
    </ClCompile>
    <ClCompile Include="mathGeoLib\Geometry\Polyhedron.cpp">
      <Filter>ExternalTools\MathGeoLib\Geometry</Filter>
    </ClCompile>
    <ClCompile Include="mathGeoLib\Geometry\Ray.cpp">
      <Filter>ExternalTools\MathGeoLib\Geometry</Filter>
    </ClCompile>
    <ClCompile Include="mathGeoLib\Geometry\Sphere.cpp">
      <Filter>ExternalTools\MathGeoLib\Geometry</Filter>
    </ClCompile>
    <ClCompile Include="mathGeoLib\Geometry\Triangle.cpp">
      <Filter>ExternalTools\MathGeoLib\Geometry</Filter>
    </ClCompile>
    <ClCompile Include="mathGeoLib\Geometry\TriangleMesh.cpp">
      <Filter>ExternalTools\MathGeoLib\Geometry</Filter>
    </ClCompile>
    <ClCompile Include="mathGeoLib\Geometry\AABB.cpp">
      <Filter>ExternalTools\MathGeoLib\Geometry</Filter>
    </ClCompile>
    <ClCompile Include="mathGeoLib\Geometry\Capsule.cpp">
      <Filter>ExternalTools\MathGeoLib\Geometry</Filter>
    </ClCompile>
    <ClCompile Include="mathGeoLib\Geometry\Circle.cpp">
      <Filter>ExternalTools\MathGeoLib\Geometry</Filter>
    </ClCompile>
    <ClCompile Include="mathGeoLib\Geometry\Frustum.cpp">
      <Filter>ExternalTools\MathGeoLib\Geometry</Filter>
    </ClCompile>
    <ClCompile Include="mathGeoLib\Math\float4.cpp">
      <Filter>ExternalTools\MathGeoLib\Math</Filter>
    </ClCompile>
    <ClCompile Include="mathGeoLib\Math\float4x4.cpp">
      <Filter>ExternalTools\MathGeoLib\Math</Filter>
    </ClCompile>
    <ClCompile Include="mathGeoLib\Math\MathFunc.cpp">
      <Filter>ExternalTools\MathGeoLib\Math</Filter>
    </ClCompile>
    <ClCompile Include="mathGeoLib\Math\MathLog.cpp">
      <Filter>ExternalTools\MathGeoLib\Math</Filter>
    </ClCompile>
    <ClCompile Include="mathGeoLib\Math\MathOps.cpp">
      <Filter>ExternalTools\MathGeoLib\Math</Filter>
    </ClCompile>
    <ClCompile Include="mathGeoLib\Math\Polynomial.cpp">
      <Filter>ExternalTools\MathGeoLib\Math</Filter>
    </ClCompile>
    <ClCompile Include="mathGeoLib\Math\Quat.cpp">
      <Filter>ExternalTools\MathGeoLib\Math</Filter>
    </ClCompile>
    <ClCompile Include="mathGeoLib\Math\SSEMath.cpp">
      <Filter>ExternalTools\MathGeoLib\Math</Filter>
    </ClCompile>
    <ClCompile Include="mathGeoLib\Math\TransformOps.cpp">
      <Filter>ExternalTools\MathGeoLib\Math</Filter>
    </ClCompile>
    <ClCompile Include="mathGeoLib\Math\BitOps.cpp">
      <Filter>ExternalTools\MathGeoLib\Math</Filter>
    </ClCompile>
    <ClCompile Include="mathGeoLib\Math\float2.cpp">
      <Filter>ExternalTools\MathGeoLib\Math</Filter>
    </ClCompile>
    <ClCompile Include="mathGeoLib\Math\float3.cpp">
      <Filter>ExternalTools\MathGeoLib\Math</Filter>
    </ClCompile>
    <ClCompile Include="mathGeoLib\Math\float3x3.cpp">
      <Filter>ExternalTools\MathGeoLib\Math</Filter>
    </ClCompile>
    <ClCompile Include="mathGeoLib\Math\float3x4.cpp">
      <Filter>ExternalTools\MathGeoLib\Math</Filter>
    </ClCompile>
    <ClCompile Include="mathGeoLib\Time\Clock.cpp">
      <Filter>ExternalTools\MathGeoLib\Time</Filter>
    </ClCompile>
  </ItemGroup>
  <ItemGroup>
    <None Include="mathGeoLib\Geometry\KDTree.inl">
      <Filter>ExternalTools\MathGeoLib\Geometry</Filter>
    </None>
    <None Include="mathGeoLib\Geometry\QuadTree.inl">
      <Filter>ExternalTools\MathGeoLib\Geometry</Filter>
    </None>
    <None Include="mathGeoLib\Geometry\TriangleMesh_IntersectRay_AVX.inl">
      <Filter>ExternalTools\MathGeoLib\Geometry</Filter>
    </None>
    <None Include="mathGeoLib\Geometry\TriangleMesh_IntersectRay_CPP.inl">
      <Filter>ExternalTools\MathGeoLib\Geometry</Filter>
    </None>
    <None Include="mathGeoLib\Geometry\TriangleMesh_IntersectRay_SSE.inl">
      <Filter>ExternalTools\MathGeoLib\Geometry</Filter>
    </None>
    <None Include="mathGeoLib\Math\Matrix.inl">
      <Filter>ExternalTools\MathGeoLib\Math</Filter>
    </None>
  </ItemGroup>
</Project>