<?xml version="1.0" encoding="utf-8"?>
<Project ToolsVersion="4.0" xmlns="http://schemas.microsoft.com/developer/msbuild/2003">
  <ItemGroup>
    <Filter Include="Sources">
      <UniqueIdentifier>{8b7ed093-66ce-4096-96d2-fbb9faa4bf52}</UniqueIdentifier>
    </Filter>
    <Filter Include="Sources\Modules">
      <UniqueIdentifier>{7b418be2-1631-4a31-9ef2-8a8b234a7339}</UniqueIdentifier>
    </Filter>
    <Filter Include="Sources\Containers">
      <UniqueIdentifier>{afc36133-f401-499a-aa33-0da1e500fb52}</UniqueIdentifier>
    </Filter>
    <Filter Include="Sources\Tools">
      <UniqueIdentifier>{7e4dfaf7-022c-4f7d-92aa-f3b3fa9d6248}</UniqueIdentifier>
    </Filter>
    <Filter Include="Sources\Helpers">
      <UniqueIdentifier>{121f8e6b-df36-4ab0-be0d-601ddfc9e503}</UniqueIdentifier>
    </Filter>
    <Filter Include="Sources\Modules\Game">
      <UniqueIdentifier>{83f46af7-e02f-40c0-9e56-41d76082527b}</UniqueIdentifier>
    </Filter>
    <Filter Include="ExternalTools">
      <UniqueIdentifier>{a64beaff-5b51-4c1a-bee5-e6a5f77a81e7}</UniqueIdentifier>
    </Filter>
    <Filter Include="ExternalTools\mathGeoLib">
      <UniqueIdentifier>{0cd36a64-5e60-46f9-a95b-9b65c5b17bd6}</UniqueIdentifier>
    </Filter>
    <Filter Include="ExternalTools\mathGeoLib\Algorithm">
      <UniqueIdentifier>{b052afaa-ffa2-4869-b65a-89bc57d2e5a5}</UniqueIdentifier>
    </Filter>
    <Filter Include="ExternalTools\mathGeoLib\Geometry">
      <UniqueIdentifier>{2f1a46f7-a0c4-412c-b9f6-a98f2a892772}</UniqueIdentifier>
    </Filter>
    <Filter Include="ExternalTools\mathGeoLib\Math">
      <UniqueIdentifier>{212b6e84-510b-43c7-a4f7-706fdac56373}</UniqueIdentifier>
    </Filter>
    <Filter Include="ExternalTools\mathGeoLib\Time">
      <UniqueIdentifier>{c9aa2438-cfe7-4ab5-8723-64a94369c2bb}</UniqueIdentifier>
    </Filter>
    <Filter Include="ExternalTools\mathGeoLib\Algorithm\Random">
      <UniqueIdentifier>{d156c027-4a18-47f9-8486-a1edd608996e}</UniqueIdentifier>
    </Filter>
    <Filter Include="ExternalTools\imgui">
      <UniqueIdentifier>{bd2a406c-2c0a-4008-a795-8005e0dc7b8c}</UniqueIdentifier>
    </Filter>
    <Filter Include="Sources\Modules\ImGuiWindows">
      <UniqueIdentifier>{e4ef3756-1091-4075-8281-3aae421ac47e}</UniqueIdentifier>
    </Filter>
    <Filter Include="ExternalTools\json">
      <UniqueIdentifier>{46772ba3-a816-4183-810e-144412b2c519}</UniqueIdentifier>
    </Filter>
    <Filter Include="ExternalTools\assimp">
      <UniqueIdentifier>{fff16248-2834-4318-9768-a0f7adb148b9}</UniqueIdentifier>
    </Filter>
    <Filter Include="Sources\Modules\Importers">
      <UniqueIdentifier>{6b0f7c2c-cc1f-4234-8d53-c990fea99429}</UniqueIdentifier>
    </Filter>
    <Filter Include="ExternalTools\devIL">
      <UniqueIdentifier>{86327e60-bd8f-4246-b66e-78a3bbf18282}</UniqueIdentifier>
    </Filter>
    <Filter Include="ExternalTools\physFs">
      <UniqueIdentifier>{ffbc5c54-5ed8-46c9-a754-510d98a44b88}</UniqueIdentifier>
    </Filter>
    <Filter Include="Sources\Modules\GameObjects">
      <UniqueIdentifier>{16683cf6-f6b0-42b9-aca8-2b9885808209}</UniqueIdentifier>
    </Filter>
  </ItemGroup>
  <ItemGroup>
    <ClInclude Include="Module.h">
      <Filter>Sources\Modules</Filter>
    </ClInclude>
    <ClInclude Include="ModuleCamera3D.h">
      <Filter>Sources\Modules</Filter>
    </ClInclude>
    <ClInclude Include="ModuleInput.h">
      <Filter>Sources\Modules</Filter>
    </ClInclude>
    <ClInclude Include="ModuleRenderer3D.h">
      <Filter>Sources\Modules</Filter>
    </ClInclude>
    <ClInclude Include="ModuleWindow.h">
      <Filter>Sources\Modules</Filter>
    </ClInclude>
    <ClInclude Include="glmath.h">
      <Filter>Sources\Containers</Filter>
    </ClInclude>
    <ClInclude Include="Application.h">
      <Filter>Sources</Filter>
    </ClInclude>
    <ClInclude Include="Globals.h">
      <Filter>Sources</Filter>
    </ClInclude>
    <ClInclude Include="Primitive.h">
      <Filter>Sources\Helpers</Filter>
    </ClInclude>
    <ClInclude Include="Color.h">
      <Filter>Sources\Containers</Filter>
    </ClInclude>
    <ClInclude Include="Light.h">
      <Filter>Sources\Helpers</Filter>
    </ClInclude>
    <ClInclude Include="ModuleSceneIntro.h">
      <Filter>Sources\Modules\Game</Filter>
    </ClInclude>
    <ClInclude Include="Timer.h">
      <Filter>Sources\Tools</Filter>
    </ClInclude>
    <ClInclude Include="ModuleUi.h">
      <Filter>Sources\Modules</Filter>
    </ClInclude>
    <ClInclude Include="imgui\imgui_impl_opengl3_loader.h">
      <Filter>ExternalTools\imgui</Filter>
    </ClInclude>
    <ClInclude Include="imgui\imgui_impl_sdl.h">
      <Filter>ExternalTools\imgui</Filter>
    </ClInclude>
    <ClInclude Include="imgui\imgui_impl_win32.h">
      <Filter>ExternalTools\imgui</Filter>
    </ClInclude>
    <ClInclude Include="imgui\imgui_internal.h">
      <Filter>ExternalTools\imgui</Filter>
    </ClInclude>
    <ClInclude Include="imgui\imstb_rectpack.h">
      <Filter>ExternalTools\imgui</Filter>
    </ClInclude>
    <ClInclude Include="imgui\imstb_textedit.h">
      <Filter>ExternalTools\imgui</Filter>
    </ClInclude>
    <ClInclude Include="imgui\imstb_truetype.h">
      <Filter>ExternalTools\imgui</Filter>
    </ClInclude>
    <ClInclude Include="imgui\imconfig.h">
      <Filter>ExternalTools\imgui</Filter>
    </ClInclude>
    <ClInclude Include="imgui\imgui.h">
      <Filter>ExternalTools\imgui</Filter>
    </ClInclude>
    <ClInclude Include="imgui\imgui_impl_opengl3.h">
      <Filter>ExternalTools\imgui</Filter>
    </ClInclude>
    <ClInclude Include="ImGuiWindowBase.h">
      <Filter>Sources\Modules\ImGuiWindows</Filter>
    </ClInclude>
    <ClInclude Include="ConfigurationWindow.h">
      <Filter>Sources\Modules\ImGuiWindows</Filter>
    </ClInclude>
    <ClInclude Include="MainMenuBar.h">
      <Filter>Sources\Modules\ImGuiWindows</Filter>
    </ClInclude>
    <ClInclude Include="mathGeoLib\MathGeoLib.h">
      <Filter>ExternalTools\mathGeoLib</Filter>
    </ClInclude>
    <ClInclude Include="mathGeoLib\MathGeoLibFwd.h">
      <Filter>ExternalTools\mathGeoLib</Filter>
    </ClInclude>
    <ClInclude Include="mathGeoLib\MathBuildConfig.h">
      <Filter>ExternalTools\mathGeoLib</Filter>
    </ClInclude>
    <ClInclude Include="mathGeoLib\Algorithm\GJK2D.h">
      <Filter>ExternalTools\mathGeoLib\Algorithm</Filter>
    </ClInclude>
    <ClInclude Include="mathGeoLib\Algorithm\SAT.h">
      <Filter>ExternalTools\mathGeoLib\Algorithm</Filter>
    </ClInclude>
    <ClInclude Include="mathGeoLib\Algorithm\GJK.h">
      <Filter>ExternalTools\mathGeoLib\Algorithm</Filter>
    </ClInclude>
    <ClInclude Include="mathGeoLib\Algorithm\Random\LCG.h">
      <Filter>ExternalTools\mathGeoLib\Algorithm\Random</Filter>
    </ClInclude>
    <ClInclude Include="mathGeoLib\Geometry\Sphere.h">
      <Filter>ExternalTools\mathGeoLib\Geometry</Filter>
    </ClInclude>
    <ClInclude Include="mathGeoLib\Geometry\Triangle.h">
      <Filter>ExternalTools\mathGeoLib\Geometry</Filter>
    </ClInclude>
    <ClInclude Include="mathGeoLib\Geometry\Triangle2D.h">
      <Filter>ExternalTools\mathGeoLib\Geometry</Filter>
    </ClInclude>
    <ClInclude Include="mathGeoLib\Geometry\TriangleMesh.h">
      <Filter>ExternalTools\mathGeoLib\Geometry</Filter>
    </ClInclude>
    <ClInclude Include="mathGeoLib\Geometry\AABB.h">
      <Filter>ExternalTools\mathGeoLib\Geometry</Filter>
    </ClInclude>
    <ClInclude Include="mathGeoLib\Geometry\AABB2D.h">
      <Filter>ExternalTools\mathGeoLib\Geometry</Filter>
    </ClInclude>
    <ClInclude Include="mathGeoLib\Geometry\Capsule.h">
      <Filter>ExternalTools\mathGeoLib\Geometry</Filter>
    </ClInclude>
    <ClInclude Include="mathGeoLib\Geometry\Circle.h">
      <Filter>ExternalTools\mathGeoLib\Geometry</Filter>
    </ClInclude>
    <ClInclude Include="mathGeoLib\Geometry\Circle2D.h">
      <Filter>ExternalTools\mathGeoLib\Geometry</Filter>
    </ClInclude>
    <ClInclude Include="mathGeoLib\Geometry\Frustum.h">
      <Filter>ExternalTools\mathGeoLib\Geometry</Filter>
    </ClInclude>
    <ClInclude Include="mathGeoLib\Geometry\GeometryAll.h">
      <Filter>ExternalTools\mathGeoLib\Geometry</Filter>
    </ClInclude>
    <ClInclude Include="mathGeoLib\Geometry\GeomType.h">
      <Filter>ExternalTools\mathGeoLib\Geometry</Filter>
    </ClInclude>
    <ClInclude Include="mathGeoLib\Geometry\HitInfo.h">
      <Filter>ExternalTools\mathGeoLib\Geometry</Filter>
    </ClInclude>
    <ClInclude Include="mathGeoLib\Geometry\KDTree.h">
      <Filter>ExternalTools\mathGeoLib\Geometry</Filter>
    </ClInclude>
    <ClInclude Include="mathGeoLib\Geometry\Line.h">
      <Filter>ExternalTools\mathGeoLib\Geometry</Filter>
    </ClInclude>
    <ClInclude Include="mathGeoLib\Geometry\LineSegment.h">
      <Filter>ExternalTools\mathGeoLib\Geometry</Filter>
    </ClInclude>
    <ClInclude Include="mathGeoLib\Geometry\LineSegment2D.h">
      <Filter>ExternalTools\mathGeoLib\Geometry</Filter>
    </ClInclude>
    <ClInclude Include="mathGeoLib\Geometry\OBB.h">
      <Filter>ExternalTools\mathGeoLib\Geometry</Filter>
    </ClInclude>
    <ClInclude Include="mathGeoLib\Geometry\OBB2D.h">
      <Filter>ExternalTools\mathGeoLib\Geometry</Filter>
    </ClInclude>
    <ClInclude Include="mathGeoLib\Geometry\PBVolume.h">
      <Filter>ExternalTools\mathGeoLib\Geometry</Filter>
    </ClInclude>
    <ClInclude Include="mathGeoLib\Geometry\Plane.h">
      <Filter>ExternalTools\mathGeoLib\Geometry</Filter>
    </ClInclude>
    <ClInclude Include="mathGeoLib\Geometry\Polygon.h">
      <Filter>ExternalTools\mathGeoLib\Geometry</Filter>
    </ClInclude>
    <ClInclude Include="mathGeoLib\Geometry\Polygon2DRef.h">
      <Filter>ExternalTools\mathGeoLib\Geometry</Filter>
    </ClInclude>
    <ClInclude Include="mathGeoLib\Geometry\Polyhedron.h">
      <Filter>ExternalTools\mathGeoLib\Geometry</Filter>
    </ClInclude>
    <ClInclude Include="mathGeoLib\Geometry\QuadTree.h">
      <Filter>ExternalTools\mathGeoLib\Geometry</Filter>
    </ClInclude>
    <ClInclude Include="mathGeoLib\Geometry\Ray.h">
      <Filter>ExternalTools\mathGeoLib\Geometry</Filter>
    </ClInclude>
    <ClInclude Include="mathGeoLib\Math\SSEMath.h">
      <Filter>ExternalTools\mathGeoLib\Math</Filter>
    </ClInclude>
    <ClInclude Include="mathGeoLib\Math\Swap.h">
      <Filter>ExternalTools\mathGeoLib\Math</Filter>
    </ClInclude>
    <ClInclude Include="mathGeoLib\Math\TransformOps.h">
      <Filter>ExternalTools\mathGeoLib\Math</Filter>
    </ClInclude>
    <ClInclude Include="mathGeoLib\Math\vec2d.h">
      <Filter>ExternalTools\mathGeoLib\Math</Filter>
    </ClInclude>
    <ClInclude Include="mathGeoLib\Math\assume.h">
      <Filter>ExternalTools\mathGeoLib\Math</Filter>
    </ClInclude>
    <ClInclude Include="mathGeoLib\Math\BitFuncs.h">
      <Filter>ExternalTools\mathGeoLib\Math</Filter>
    </ClInclude>
    <ClInclude Include="mathGeoLib\Math\BitOps.h">
      <Filter>ExternalTools\mathGeoLib\Math</Filter>
    </ClInclude>
    <ClInclude Include="mathGeoLib\Math\Callstack.h">
      <Filter>ExternalTools\mathGeoLib\Math</Filter>
    </ClInclude>
    <ClInclude Include="mathGeoLib\Math\Complex.h">
      <Filter>ExternalTools\mathGeoLib\Math</Filter>
    </ClInclude>
    <ClInclude Include="mathGeoLib\Math\CoordinateAxisConvention.h">
      <Filter>ExternalTools\mathGeoLib\Math</Filter>
    </ClInclude>
    <ClInclude Include="mathGeoLib\Math\FixedPoint.h">
      <Filter>ExternalTools\mathGeoLib\Math</Filter>
    </ClInclude>
    <ClInclude Include="mathGeoLib\Math\float2.h">
      <Filter>ExternalTools\mathGeoLib\Math</Filter>
    </ClInclude>
    <ClInclude Include="mathGeoLib\Math\float3.h">
      <Filter>ExternalTools\mathGeoLib\Math</Filter>
    </ClInclude>
    <ClInclude Include="mathGeoLib\Math\float3x3.h">
      <Filter>ExternalTools\mathGeoLib\Math</Filter>
    </ClInclude>
    <ClInclude Include="mathGeoLib\Math\float3x4.h">
      <Filter>ExternalTools\mathGeoLib\Math</Filter>
    </ClInclude>
    <ClInclude Include="mathGeoLib\Math\float4.h">
      <Filter>ExternalTools\mathGeoLib\Math</Filter>
    </ClInclude>
    <ClInclude Include="mathGeoLib\Math\float4_neon.h">
      <Filter>ExternalTools\mathGeoLib\Math</Filter>
    </ClInclude>
    <ClInclude Include="mathGeoLib\Math\float4_sse.h">
      <Filter>ExternalTools\mathGeoLib\Math</Filter>
    </ClInclude>
    <ClInclude Include="mathGeoLib\Math\float4d.h">
      <Filter>ExternalTools\mathGeoLib\Math</Filter>
    </ClInclude>
    <ClInclude Include="mathGeoLib\Math\float4x4.h">
      <Filter>ExternalTools\mathGeoLib\Math</Filter>
    </ClInclude>
    <ClInclude Include="mathGeoLib\Math\float4x4_neon.h">
      <Filter>ExternalTools\mathGeoLib\Math</Filter>
    </ClInclude>
    <ClInclude Include="mathGeoLib\Math\float4x4_sse.h">
      <Filter>ExternalTools\mathGeoLib\Math</Filter>
    </ClInclude>
    <ClInclude Include="mathGeoLib\Math\FloatCmp.h">
      <Filter>ExternalTools\mathGeoLib\Math</Filter>
    </ClInclude>
    <ClInclude Include="mathGeoLib\Math\grisu3.h">
      <Filter>ExternalTools\mathGeoLib\Math</Filter>
    </ClInclude>
    <ClInclude Include="mathGeoLib\Math\InclWindows.h">
      <Filter>ExternalTools\mathGeoLib\Math</Filter>
    </ClInclude>
    <ClInclude Include="mathGeoLib\Math\Interpolate.h">
      <Filter>ExternalTools\mathGeoLib\Math</Filter>
    </ClInclude>
    <ClInclude Include="mathGeoLib\Math\MathAll.h">
      <Filter>ExternalTools\mathGeoLib\Math</Filter>
    </ClInclude>
    <ClInclude Include="mathGeoLib\Math\MathConstants.h">
      <Filter>ExternalTools\mathGeoLib\Math</Filter>
    </ClInclude>
    <ClInclude Include="mathGeoLib\Math\MathFunc.h">
      <Filter>ExternalTools\mathGeoLib\Math</Filter>
    </ClInclude>
    <ClInclude Include="mathGeoLib\Math\MathLog.h">
      <Filter>ExternalTools\mathGeoLib\Math</Filter>
    </ClInclude>
    <ClInclude Include="mathGeoLib\Math\MathNamespace.h">
      <Filter>ExternalTools\mathGeoLib\Math</Filter>
    </ClInclude>
    <ClInclude Include="mathGeoLib\Math\MathTypes.h">
      <Filter>ExternalTools\mathGeoLib\Math</Filter>
    </ClInclude>
    <ClInclude Include="mathGeoLib\Math\MatrixProxy.h">
      <Filter>ExternalTools\mathGeoLib\Math</Filter>
    </ClInclude>
    <ClInclude Include="mathGeoLib\Math\MiniFloat.h">
      <Filter>ExternalTools\mathGeoLib\Math</Filter>
    </ClInclude>
    <ClInclude Include="mathGeoLib\Math\MultiLineMacro.h">
      <Filter>ExternalTools\mathGeoLib\Math</Filter>
    </ClInclude>
    <ClInclude Include="mathGeoLib\Math\myassert.h">
      <Filter>ExternalTools\mathGeoLib\Math</Filter>
    </ClInclude>
    <ClInclude Include="mathGeoLib\Math\Polynomial.h">
      <Filter>ExternalTools\mathGeoLib\Math</Filter>
    </ClInclude>
    <ClInclude Include="mathGeoLib\Math\Quat.h">
      <Filter>ExternalTools\mathGeoLib\Math</Filter>
    </ClInclude>
    <ClInclude Include="mathGeoLib\Math\quat_simd.h">
      <Filter>ExternalTools\mathGeoLib\Math</Filter>
    </ClInclude>
    <ClInclude Include="mathGeoLib\Math\Rect.h">
      <Filter>ExternalTools\mathGeoLib\Math</Filter>
    </ClInclude>
    <ClInclude Include="mathGeoLib\Math\Reinterpret.h">
      <Filter>ExternalTools\mathGeoLib\Math</Filter>
    </ClInclude>
    <ClInclude Include="mathGeoLib\Math\simd.h">
      <Filter>ExternalTools\mathGeoLib\Math</Filter>
    </ClInclude>
    <ClInclude Include="mathGeoLib\Math\sse_mathfun.h">
      <Filter>ExternalTools\mathGeoLib\Math</Filter>
    </ClInclude>
    <ClInclude Include="mathGeoLib\Time\Clock.h">
      <Filter>ExternalTools\mathGeoLib\Time</Filter>
    </ClInclude>
    <ClInclude Include="json\parson.h">
      <Filter>ExternalTools\json</Filter>
    </ClInclude>
    <ClInclude Include="json\JsonParsing.h">
      <Filter>ExternalTools\json</Filter>
    </ClInclude>
    <ClInclude Include="AboutWindow.h">
      <Filter>Sources\Modules\ImGuiWindows</Filter>
    </ClInclude>
    <ClInclude Include="assimp\Include\postprocess.h">
      <Filter>ExternalTools\assimp</Filter>
    </ClInclude>
    <ClInclude Include="assimp\Include\scene.h">
      <Filter>ExternalTools\assimp</Filter>
    </ClInclude>
    <ClInclude Include="assimp\Include\cimport.h">
      <Filter>ExternalTools\assimp</Filter>
    </ClInclude>
    <ClInclude Include="ModuleModelImport.h">
      <Filter>Sources\Modules\Importers</Filter>
    </ClInclude>
    <ClInclude Include="devIL\include\ilu.h">
      <Filter>ExternalTools\devIL</Filter>
    </ClInclude>
    <ClInclude Include="devIL\include\ilu_region.h">
      <Filter>ExternalTools\devIL</Filter>
    </ClInclude>
    <ClInclude Include="devIL\include\ilut.h">
      <Filter>ExternalTools\devIL</Filter>
    </ClInclude>
    <ClInclude Include="devIL\include\ilut_config.h">
      <Filter>ExternalTools\devIL</Filter>
    </ClInclude>
    <ClInclude Include="devIL\include\config.h">
      <Filter>ExternalTools\devIL</Filter>
    </ClInclude>
    <ClInclude Include="devIL\include\devil_internal_exports.h">
      <Filter>ExternalTools\devIL</Filter>
    </ClInclude>
    <ClInclude Include="devIL\include\il.h">
      <Filter>ExternalTools\devIL</Filter>
    </ClInclude>
    <ClInclude Include="devIL\include\il_wrap.h">
      <Filter>ExternalTools\devIL</Filter>
    </ClInclude>
    <ClInclude Include="ModuleSaveLoad.h">
      <Filter>Sources\Modules</Filter>
    </ClInclude>
    <ClInclude Include="ConsoleWindow.h">
      <Filter>Sources\Modules\ImGuiWindows</Filter>
    </ClInclude>
    <ClInclude Include="physFS\include\physfsrwops.h">
      <Filter>ExternalTools\physFs</Filter>
    </ClInclude>
    <ClInclude Include="physFS\include\physfs.h">
      <Filter>ExternalTools\physFs</Filter>
    </ClInclude>
    <ClInclude Include="ModuleFS.h">
      <Filter>Sources\Modules\Importers</Filter>
    </ClInclude>
    <ClInclude Include="ModuleGameObject.h">
      <Filter>Sources\Modules\GameObjects</Filter>
    </ClInclude>
    <ClInclude Include="GameObjectsWindow.h">
      <Filter>Sources\Modules\ImGuiWindows</Filter>
    </ClInclude>
    <ClInclude Include="ModuleTransformComponent.h">
      <Filter>Sources\Modules\GameObjects</Filter>
    </ClInclude>
    <ClInclude Include="ObjectsInspectorWindow.h">
      <Filter>Sources\Modules\ImGuiWindows</Filter>
    </ClInclude>
    <ClInclude Include="Component.h">
      <Filter>Sources\Modules\GameObjects</Filter>
    </ClInclude>
  </ItemGroup>
  <ItemGroup>
    <ClCompile Include="ModuleCamera3D.cpp">
      <Filter>Sources\Modules</Filter>
    </ClCompile>
    <ClCompile Include="ModuleInput.cpp">
      <Filter>Sources\Modules</Filter>
    </ClCompile>
    <ClCompile Include="ModuleRenderer3D.cpp">
      <Filter>Sources\Modules</Filter>
    </ClCompile>
    <ClCompile Include="ModuleWindow.cpp">
      <Filter>Sources\Modules</Filter>
    </ClCompile>
    <ClCompile Include="log.cpp">
      <Filter>Sources\Tools</Filter>
    </ClCompile>
    <ClCompile Include="Timer.cpp">
      <Filter>Sources\Tools</Filter>
    </ClCompile>
    <ClCompile Include="Application.cpp">
      <Filter>Sources</Filter>
    </ClCompile>
    <ClCompile Include="Main.cpp">
      <Filter>Sources</Filter>
    </ClCompile>
    <ClCompile Include="glmath.cpp">
      <Filter>Sources\Containers</Filter>
    </ClCompile>
    <ClCompile Include="Primitive.cpp">
      <Filter>Sources\Helpers</Filter>
    </ClCompile>
    <ClCompile Include="Color.cpp">
      <Filter>Sources\Containers</Filter>
    </ClCompile>
    <ClCompile Include="Light.cpp">
      <Filter>Sources\Helpers</Filter>
    </ClCompile>
    <ClCompile Include="ModuleSceneIntro.cpp">
      <Filter>Sources\Modules\Game</Filter>
    </ClCompile>
    <ClCompile Include="imgui\imgui_impl_win32.cpp">
      <Filter>ExternalTools\imgui</Filter>
    </ClCompile>
    <ClCompile Include="imgui\imgui_tables.cpp">
      <Filter>ExternalTools\imgui</Filter>
    </ClCompile>
    <ClCompile Include="imgui\imgui_widgets.cpp">
      <Filter>ExternalTools\imgui</Filter>
    </ClCompile>
    <ClCompile Include="imgui\imgui.cpp">
      <Filter>ExternalTools\imgui</Filter>
    </ClCompile>
    <ClCompile Include="imgui\imgui_demo.cpp">
      <Filter>ExternalTools\imgui</Filter>
    </ClCompile>
    <ClCompile Include="imgui\imgui_draw.cpp">
      <Filter>ExternalTools\imgui</Filter>
    </ClCompile>
    <ClCompile Include="imgui\imgui_impl_opengl3.cpp">
      <Filter>ExternalTools\imgui</Filter>
    </ClCompile>
    <ClCompile Include="imgui\imgui_impl_sdl.cpp">
      <Filter>ExternalTools\imgui</Filter>
    </ClCompile>
    <ClCompile Include="ConfigurationWindow.cpp">
      <Filter>Sources\Modules\ImGuiWindows</Filter>
    </ClCompile>
    <ClCompile Include="mathGeoLib\Algorithm\GJK2D.cpp">
      <Filter>ExternalTools\mathGeoLib\Algorithm</Filter>
    </ClCompile>
    <ClCompile Include="mathGeoLib\Algorithm\SAT.cpp">
      <Filter>ExternalTools\mathGeoLib\Algorithm</Filter>
    </ClCompile>
    <ClCompile Include="mathGeoLib\Algorithm\GJK.cpp">
      <Filter>ExternalTools\mathGeoLib\Algorithm</Filter>
    </ClCompile>
    <ClCompile Include="mathGeoLib\Algorithm\Random\LCG.cpp">
      <Filter>ExternalTools\mathGeoLib\Algorithm\Random</Filter>
    </ClCompile>
    <ClCompile Include="mathGeoLib\Geometry\Triangle.cpp">
      <Filter>ExternalTools\mathGeoLib\Geometry</Filter>
    </ClCompile>
    <ClCompile Include="mathGeoLib\Geometry\Triangle2D.cpp">
      <Filter>ExternalTools\mathGeoLib\Geometry</Filter>
    </ClCompile>
    <ClCompile Include="mathGeoLib\Geometry\TriangleMesh.cpp">
      <Filter>ExternalTools\mathGeoLib\Geometry</Filter>
    </ClCompile>
    <ClCompile Include="mathGeoLib\Geometry\AABB.cpp">
      <Filter>ExternalTools\mathGeoLib\Geometry</Filter>
    </ClCompile>
    <ClCompile Include="mathGeoLib\Geometry\Capsule.cpp">
      <Filter>ExternalTools\mathGeoLib\Geometry</Filter>
    </ClCompile>
    <ClCompile Include="mathGeoLib\Geometry\Circle.cpp">
      <Filter>ExternalTools\mathGeoLib\Geometry</Filter>
    </ClCompile>
    <ClCompile Include="mathGeoLib\Geometry\Circle2D.cpp">
      <Filter>ExternalTools\mathGeoLib\Geometry</Filter>
    </ClCompile>
    <ClCompile Include="mathGeoLib\Geometry\Frustum.cpp">
      <Filter>ExternalTools\mathGeoLib\Geometry</Filter>
    </ClCompile>
    <ClCompile Include="mathGeoLib\Geometry\Line.cpp">
      <Filter>ExternalTools\mathGeoLib\Geometry</Filter>
    </ClCompile>
    <ClCompile Include="mathGeoLib\Geometry\LineSegment.cpp">
      <Filter>ExternalTools\mathGeoLib\Geometry</Filter>
    </ClCompile>
    <ClCompile Include="mathGeoLib\Geometry\LineSegment2D.cpp">
      <Filter>ExternalTools\mathGeoLib\Geometry</Filter>
    </ClCompile>
    <ClCompile Include="mathGeoLib\Geometry\OBB.cpp">
      <Filter>ExternalTools\mathGeoLib\Geometry</Filter>
    </ClCompile>
    <ClCompile Include="mathGeoLib\Geometry\PBVolume.cpp">
      <Filter>ExternalTools\mathGeoLib\Geometry</Filter>
    </ClCompile>
    <ClCompile Include="mathGeoLib\Geometry\Plane.cpp">
      <Filter>ExternalTools\mathGeoLib\Geometry</Filter>
    </ClCompile>
    <ClCompile Include="mathGeoLib\Geometry\Polygon.cpp">
      <Filter>ExternalTools\mathGeoLib\Geometry</Filter>
    </ClCompile>
    <ClCompile Include="mathGeoLib\Geometry\Polyhedron.cpp">
      <Filter>ExternalTools\mathGeoLib\Geometry</Filter>
    </ClCompile>
    <ClCompile Include="mathGeoLib\Geometry\Ray.cpp">
      <Filter>ExternalTools\mathGeoLib\Geometry</Filter>
    </ClCompile>
    <ClCompile Include="mathGeoLib\Geometry\Sphere.cpp">
      <Filter>ExternalTools\mathGeoLib\Geometry</Filter>
    </ClCompile>
    <ClCompile Include="mathGeoLib\Math\SSEMath.cpp">
      <Filter>ExternalTools\mathGeoLib\Math</Filter>
    </ClCompile>
    <ClCompile Include="mathGeoLib\Math\TransformOps.cpp">
      <Filter>ExternalTools\mathGeoLib\Math</Filter>
    </ClCompile>
    <ClCompile Include="mathGeoLib\Math\BitOps.cpp">
      <Filter>ExternalTools\mathGeoLib\Math</Filter>
    </ClCompile>
    <ClCompile Include="mathGeoLib\Math\Callstack.cpp">
      <Filter>ExternalTools\mathGeoLib\Math</Filter>
    </ClCompile>
    <ClCompile Include="mathGeoLib\Math\float2.cpp">
      <Filter>ExternalTools\mathGeoLib\Math</Filter>
    </ClCompile>
    <ClCompile Include="mathGeoLib\Math\float3.cpp">
      <Filter>ExternalTools\mathGeoLib\Math</Filter>
    </ClCompile>
    <ClCompile Include="mathGeoLib\Math\float3x3.cpp">
      <Filter>ExternalTools\mathGeoLib\Math</Filter>
    </ClCompile>
    <ClCompile Include="mathGeoLib\Math\float3x4.cpp">
      <Filter>ExternalTools\mathGeoLib\Math</Filter>
    </ClCompile>
    <ClCompile Include="mathGeoLib\Math\float4.cpp">
      <Filter>ExternalTools\mathGeoLib\Math</Filter>
    </ClCompile>
    <ClCompile Include="mathGeoLib\Math\float4d.cpp">
      <Filter>ExternalTools\mathGeoLib\Math</Filter>
    </ClCompile>
    <ClCompile Include="mathGeoLib\Math\float4x4.cpp">
      <Filter>ExternalTools\mathGeoLib\Math</Filter>
    </ClCompile>
    <ClCompile Include="mathGeoLib\Math\grisu3.c">
      <Filter>ExternalTools\mathGeoLib\Math</Filter>
    </ClCompile>
    <ClCompile Include="mathGeoLib\Math\grisu3_cpp.cpp">
      <Filter>ExternalTools\mathGeoLib\Math</Filter>
    </ClCompile>
    <ClCompile Include="mathGeoLib\Math\MathFunc.cpp">
      <Filter>ExternalTools\mathGeoLib\Math</Filter>
    </ClCompile>
    <ClCompile Include="mathGeoLib\Math\MathLog.cpp">
      <Filter>ExternalTools\mathGeoLib\Math</Filter>
    </ClCompile>
    <ClCompile Include="mathGeoLib\Math\MathOps.cpp">
      <Filter>ExternalTools\mathGeoLib\Math</Filter>
    </ClCompile>
    <ClCompile Include="mathGeoLib\Math\MiniFloat.cpp">
      <Filter>ExternalTools\mathGeoLib\Math</Filter>
    </ClCompile>
    <ClCompile Include="mathGeoLib\Math\Polynomial.cpp">
      <Filter>ExternalTools\mathGeoLib\Math</Filter>
    </ClCompile>
    <ClCompile Include="mathGeoLib\Math\Quat.cpp">
      <Filter>ExternalTools\mathGeoLib\Math</Filter>
    </ClCompile>
    <ClCompile Include="mathGeoLib\Time\Clock.cpp">
      <Filter>ExternalTools\mathGeoLib\Time</Filter>
    </ClCompile>
    <ClCompile Include="json\parson.c">
      <Filter>ExternalTools\json</Filter>
    </ClCompile>
    <ClCompile Include="json\JsonParsing.cpp">
      <Filter>ExternalTools\json</Filter>
    </ClCompile>
    <ClCompile Include="MainMenuBar.cpp">
      <Filter>Sources\Modules\ImGuiWindows</Filter>
    </ClCompile>
    <ClCompile Include="AboutWindow.cpp">
      <Filter>Sources\Modules\ImGuiWindows</Filter>
    </ClCompile>
    <ClCompile Include="ModuleModelImport.cpp">
      <Filter>Sources\Modules\Importers</Filter>
    </ClCompile>
    <ClCompile Include="ModuleSaveLoad.cpp">
      <Filter>Sources\Modules</Filter>
    </ClCompile>
    <ClCompile Include="ConsoleWindow.cpp">
      <Filter>Sources\Modules\ImGuiWindows</Filter>
    </ClCompile>
    <ClCompile Include="physFS\include\physfsrwops.c">
      <Filter>ExternalTools\physFs</Filter>
    </ClCompile>
    <ClCompile Include="ModuleFS.cpp">
      <Filter>Sources\Modules\Importers</Filter>
    </ClCompile>
    <ClCompile Include="ModuleGameObject.cpp">
      <Filter>Sources\Modules\GameObjects</Filter>
    </ClCompile>
    <ClCompile Include="GameObjectsWindow.cpp">
      <Filter>Sources\Modules\ImGuiWindows</Filter>
    </ClCompile>
    <ClCompile Include="ModuleTransformComponent.cpp">
      <Filter>Sources\Modules\GameObjects</Filter>
    </ClCompile>
    <ClCompile Include="ObjectsInspectorWindow.cpp">
      <Filter>Sources\Modules\ImGuiWindows</Filter>
    </ClCompile>
    <ClCompile Include="Component.cpp">
      <Filter>Sources\Modules\GameObjects</Filter>
    </ClCompile>
  </ItemGroup>
  <ItemGroup>
    <ClCompile Include="ModuleUi.cpp">
      <Filter>Sources\Modules</Filter>
    </ClCompile>
  </ItemGroup>
  <ItemGroup>
    <None Include="mathGeoLib\Geometry\TriangleMesh_IntersectRay_AVX.inl">
      <Filter>ExternalTools\mathGeoLib\Geometry</Filter>
    </None>
    <None Include="mathGeoLib\Geometry\TriangleMesh_IntersectRay_CPP.inl">
      <Filter>ExternalTools\mathGeoLib\Geometry</Filter>
    </None>
    <None Include="mathGeoLib\Geometry\TriangleMesh_IntersectRay_SSE.inl">
      <Filter>ExternalTools\mathGeoLib\Geometry</Filter>
    </None>
    <None Include="mathGeoLib\Geometry\KDTree.inl">
      <Filter>ExternalTools\mathGeoLib\Geometry</Filter>
    </None>
    <None Include="mathGeoLib\Geometry\QuadTree.inl">
      <Filter>ExternalTools\mathGeoLib\Geometry</Filter>
    </None>
    <None Include="mathGeoLib\Math\float2.inl">
      <Filter>ExternalTools\mathGeoLib\Math</Filter>
    </None>
    <None Include="mathGeoLib\Math\Matrix.inl">
      <Filter>ExternalTools\mathGeoLib\Math</Filter>
    </None>
  </ItemGroup>
</Project>